<?xml version="1.0" encoding="utf-8"?>
<Project ToolsVersion="4.0" xmlns="http://schemas.microsoft.com/developer/msbuild/2003">
  <ItemGroup>
    <Filter Include="Source Files">
      <UniqueIdentifier>{4FC737F1-C7A5-4376-A066-2A32D752A2FF}</UniqueIdentifier>
      <Extensions>cpp;c;cc;cxx;def;odl;idl;hpj;bat;asm;asmx</Extensions>
    </Filter>
    <Filter Include="Header Files">
      <UniqueIdentifier>{93995380-89BD-4b04-88EB-625FBE52EBFB}</UniqueIdentifier>
      <Extensions>h;hpp;hxx;hm;inl;inc;xsd</Extensions>
    </Filter>
    <Filter Include="Shader Files">
      <UniqueIdentifier>{67DA6AB6-F800-4c08-8B7A-83BB121AAD01}</UniqueIdentifier>
      <Extensions>rc;ico;cur;bmp;dlg;rc2;rct;bin;rgs;gif;jpg;jpeg;jpe;resx;tiff;tif;png;wav;mfcribbon-ms</Extensions>
    </Filter>
    <Filter Include="ui">
      <UniqueIdentifier>{b74448d3-a542-44e9-a556-d7b6506ddc25}</UniqueIdentifier>
    </Filter>
    <Filter Include="sound">
      <UniqueIdentifier>{040d0f55-3012-4a6f-b5d8-0fe566fc9580}</UniqueIdentifier>
    </Filter>
    <Filter Include="textures">
      <UniqueIdentifier>{2646a391-2ea3-461d-be9a-3d26d2f11826}</UniqueIdentifier>
    </Filter>
    <Filter Include="models">
      <UniqueIdentifier>{55da235f-1bc4-4210-b9d3-fba4bba12e87}</UniqueIdentifier>
    </Filter>
    <Filter Include="models\loader">
      <UniqueIdentifier>{8a8a5202-0031-49ee-80e4-9d322b108db3}</UniqueIdentifier>
    </Filter>
    <Filter Include="render">
      <UniqueIdentifier>{eca0ba31-daf2-4dd4-849f-1c90ac2a98c7}</UniqueIdentifier>
    </Filter>
    <Filter Include="render\2d">
      <UniqueIdentifier>{34560bfe-fe85-4b07-a2a9-8a99efc69bab}</UniqueIdentifier>
    </Filter>
    <Filter Include="shaders">
      <UniqueIdentifier>{a1a725dd-504a-43d4-80fe-9ff607b0cf8d}</UniqueIdentifier>
    </Filter>
    <Filter Include="models\2d">
      <UniqueIdentifier>{974859c9-1762-4ed1-aec1-28f4bc25b6e3}</UniqueIdentifier>
    </Filter>
    <Filter Include="resources">
      <UniqueIdentifier>{7141daad-4e64-461c-8d26-1cd44fd66df0}</UniqueIdentifier>
    </Filter>
    <Filter Include="tool">
      <UniqueIdentifier>{eaa53e64-f90c-41f8-ae40-73aab7eedb1c}</UniqueIdentifier>
    </Filter>
    <Filter Include="models\particles">
      <UniqueIdentifier>{d9ac376d-3deb-4c19-901e-89f37727f35e}</UniqueIdentifier>
    </Filter>
  </ItemGroup>
  <ItemGroup>
    <ClCompile Include="cameraclass.cpp">
      <Filter>Source Files</Filter>
    </ClCompile>
    <ClCompile Include="colorshaderclass.cpp">
      <Filter>Source Files</Filter>
    </ClCompile>
    <ClCompile Include="d3dclass.cpp">
      <Filter>Source Files</Filter>
    </ClCompile>
    <ClCompile Include="graphicsclass.cpp">
      <Filter>Source Files</Filter>
    </ClCompile>
    <ClCompile Include="inputclass.cpp">
      <Filter>Source Files</Filter>
    </ClCompile>
    <ClCompile Include="modelclass.cpp">
      <Filter>Source Files</Filter>
    </ClCompile>
    <ClCompile Include="systemclass.cpp">
      <Filter>Source Files</Filter>
    </ClCompile>
    <ClCompile Include="textureclass.cpp">
      <Filter>Source Files</Filter>
    </ClCompile>
    <ClCompile Include="textureshaderclass.cpp">
      <Filter>Source Files</Filter>
    </ClCompile>
    <ClCompile Include="lightshaderclass.cpp">
      <Filter>Source Files</Filter>
    </ClCompile>
    <ClCompile Include="lightclass.cpp">
      <Filter>Source Files</Filter>
    </ClCompile>
    <ClCompile Include="bitmapclass.cpp">
      <Filter>Source Files</Filter>
    </ClCompile>
    <ClCompile Include="fontclass.cpp">
      <Filter>Source Files</Filter>
    </ClCompile>
    <ClCompile Include="fontshaderclass.cpp">
      <Filter>Source Files</Filter>
    </ClCompile>
    <ClCompile Include="textclass.cpp">
      <Filter>Source Files</Filter>
    </ClCompile>
    <ClCompile Include="ui\button.cpp">
      <Filter>ui</Filter>
    </ClCompile>
    <ClCompile Include="ui\label.cpp">
      <Filter>ui</Filter>
    </ClCompile>
    <ClCompile Include="ui\cursor.cpp">
      <Filter>ui</Filter>
    </ClCompile>
    <ClCompile Include="fpsclass.cpp">
      <Filter>Source Files</Filter>
    </ClCompile>
    <ClCompile Include="timerclass.cpp">
      <Filter>Source Files</Filter>
    </ClCompile>
    <ClCompile Include="sound\soundclass.cpp">
      <Filter>sound</Filter>
    </ClCompile>
    <ClCompile Include="frustumclass.cpp">
      <Filter>Source Files</Filter>
    </ClCompile>
    <ClCompile Include="modellistclass.cpp">
      <Filter>Source Files</Filter>
    </ClCompile>
    <ClCompile Include="positionclass.cpp">
      <Filter>Source Files</Filter>
    </ClCompile>
    <ClCompile Include="textures\multitextureshaderclass.cpp">
      <Filter>textures</Filter>
    </ClCompile>
    <ClCompile Include="textures\texturearrayclass.cpp">
      <Filter>textures</Filter>
    </ClCompile>
    <ClCompile Include="textures\lightmapshaderclass.cpp">
      <Filter>textures</Filter>
    </ClCompile>
    <ClCompile Include="models\modelcolor.cpp">
      <Filter>models</Filter>
    </ClCompile>
    <ClCompile Include="models\bbox.cpp">
      <Filter>models</Filter>
    </ClCompile>
    <ClCompile Include="alphamapshaderclass.cpp">
      <Filter>Source Files</Filter>
    </ClCompile>
    <ClCompile Include="textures\bumpmapshaderclass.cpp">
      <Filter>textures</Filter>
    </ClCompile>
    <ClCompile Include="models\modelbumpclass.cpp">
      <Filter>models</Filter>
    </ClCompile>
    <ClCompile Include="models\loader\DsLoader.cpp">
      <Filter>models\loader</Filter>
    </ClCompile>
    <ClCompile Include="models\loader\ObjLoader.cpp">
      <Filter>models\loader</Filter>
    </ClCompile>
    <ClCompile Include="textures\specmapshaderclass.cpp">
      <Filter>textures</Filter>
    </ClCompile>
    <ClCompile Include="models\ModelManager.cpp">
      <Filter>models</Filter>
    </ClCompile>
    <ClCompile Include="render\rendertextureclass.cpp">
      <Filter>render</Filter>
    </ClCompile>
    <ClCompile Include="render\2d\debugwindowclass.cpp">
      <Filter>render\2d</Filter>
    </ClCompile>
    <ClCompile Include="fogshaderclass.cpp">
      <Filter>Source Files</Filter>
    </ClCompile>
    <ClCompile Include="ui\checkbox.cpp">
      <Filter>ui</Filter>
    </ClCompile>
    <ClCompile Include="clipplaneshaderclass.cpp">
      <Filter>Source Files</Filter>
    </ClCompile>
    <ClCompile Include="ui\UIManager.cpp">
      <Filter>ui</Filter>
    </ClCompile>
    <ClCompile Include="textures\translateshaderclass.cpp">
      <Filter>textures</Filter>
    </ClCompile>
    <ClCompile Include="textures\transparentshaderclass.cpp">
      <Filter>textures</Filter>
    </ClCompile>
    <ClCompile Include="textures\reflectionshaderclass.cpp">
      <Filter>textures</Filter>
    </ClCompile>
    <ClCompile Include="textures\fadeshaderclass.cpp">
      <Filter>textures</Filter>
    </ClCompile>
    <ClCompile Include="textures\watershaderclass.cpp">
      <Filter>textures</Filter>
    </ClCompile>
    <ClCompile Include="textures\refractionshaderclass.cpp">
      <Filter>textures</Filter>
    </ClCompile>
    <ClCompile Include="models\Reflection.cpp">
      <Filter>models</Filter>
    </ClCompile>
    <ClCompile Include="models\WaterNode.cpp">
      <Filter>models</Filter>
    </ClCompile>
    <ClCompile Include="models\2d\DebugWindow.cpp">
      <Filter>models\2d</Filter>
    </ClCompile>
    <ClCompile Include="resources\ResourceManager.cpp">
      <Filter>resources</Filter>
    </ClCompile>
    <ClCompile Include="models\Glass.cpp">
      <Filter>models</Filter>
    </ClCompile>
    <ClCompile Include="textures\glassshaderclass.cpp">
      <Filter>textures</Filter>
    </ClCompile>
    <ClCompile Include="models\Fire.cpp">
      <Filter>models</Filter>
    </ClCompile>
    <ClCompile Include="textures\fireshaderclass.cpp">
      <Filter>textures</Filter>
    </ClCompile>
    <ClCompile Include="models\Billboard.cpp">
      <Filter>models</Filter>
    </ClCompile>
    <ClCompile Include="models\Blur.cpp">
      <Filter>models</Filter>
    </ClCompile>
    <ClCompile Include="textures\particleshaderclass.cpp">
      <Filter>textures</Filter>
    </ClCompile>
    <ClCompile Include="models\particles\Waterfall.cpp">
      <Filter>models\particles</Filter>
    </ClCompile>
    <ClCompile Include="models\particles\Fountain.cpp">
      <Filter>models\particles</Filter>
    </ClCompile>
    <ClCompile Include="models\particles\ParticleManager.cpp">
      <Filter>models\particles</Filter>
    </ClCompile>
    <ClCompile Include="textures\depthshaderclass.cpp">
      <Filter>textures</Filter>
    </ClCompile>
    <ClCompile Include="textures\shadowshaderclass.cpp">
      <Filter>textures</Filter>
    </ClCompile>
    <ClCompile Include="textures\softshadowshaderclass.cpp">
      <Filter>textures</Filter>
    </ClCompile>
    <ClCompile Include="textures\projectionshaderclass.cpp">
      <Filter>textures</Filter>
    </ClCompile>
    <ClCompile Include="render\viewpointclass.cpp">
      <Filter>render</Filter>
    </ClCompile>
  </ItemGroup>
  <ItemGroup>
    <ClInclude Include="cameraclass.h">
      <Filter>Header Files</Filter>
    </ClInclude>
    <ClInclude Include="colorshaderclass.h">
      <Filter>Header Files</Filter>
    </ClInclude>
    <ClInclude Include="d3dclass.h">
      <Filter>Header Files</Filter>
    </ClInclude>
    <ClInclude Include="graphicsclass.h">
      <Filter>Header Files</Filter>
    </ClInclude>
    <ClInclude Include="inputclass.h">
      <Filter>Header Files</Filter>
    </ClInclude>
    <ClInclude Include="modelclass.h">
      <Filter>Header Files</Filter>
    </ClInclude>
    <ClInclude Include="systemclass.h">
      <Filter>Header Files</Filter>
    </ClInclude>
    <ClInclude Include="textureclass.h">
      <Filter>Header Files</Filter>
    </ClInclude>
    <ClInclude Include="textureshaderclass.h">
      <Filter>Header Files</Filter>
    </ClInclude>
    <ClInclude Include="lightshaderclass.h">
      <Filter>Header Files</Filter>
    </ClInclude>
    <ClInclude Include="lightclass.h">
      <Filter>Header Files</Filter>
    </ClInclude>
    <ClInclude Include="resource.h">
      <Filter>Header Files</Filter>
    </ClInclude>
    <ClInclude Include="bitmapclass.h">
      <Filter>Header Files</Filter>
    </ClInclude>
    <ClInclude Include="fontclass.h">
      <Filter>Header Files</Filter>
    </ClInclude>
    <ClInclude Include="fontshaderclass.h">
      <Filter>Header Files</Filter>
    </ClInclude>
    <ClInclude Include="textclass.h">
      <Filter>Header Files</Filter>
    </ClInclude>
    <ClInclude Include="ui\button.h">
      <Filter>ui</Filter>
    </ClInclude>
    <ClInclude Include="ui\label.h">
      <Filter>ui</Filter>
    </ClInclude>
    <ClInclude Include="ui\cursor.h">
      <Filter>ui</Filter>
    </ClInclude>
    <ClInclude Include="fpsclass.h">
      <Filter>Header Files</Filter>
    </ClInclude>
    <ClInclude Include="timerclass.h">
      <Filter>Header Files</Filter>
    </ClInclude>
    <ClInclude Include="sound\soundclass.h">
      <Filter>sound</Filter>
    </ClInclude>
    <ClInclude Include="frustumclass.h">
      <Filter>Header Files</Filter>
    </ClInclude>
    <ClInclude Include="modellistclass.h">
      <Filter>Header Files</Filter>
    </ClInclude>
    <ClInclude Include="positionclass.h">
      <Filter>Header Files</Filter>
    </ClInclude>
    <ClInclude Include="textures\multitextureshaderclass.h">
      <Filter>textures</Filter>
    </ClInclude>
    <ClInclude Include="textures\texturearrayclass.h">
      <Filter>textures</Filter>
    </ClInclude>
    <ClInclude Include="textures\lightmapshaderclass.h">
      <Filter>textures</Filter>
    </ClInclude>
    <ClInclude Include="models\modelcolor.h">
      <Filter>models</Filter>
    </ClInclude>
    <ClInclude Include="models\bbox.h">
      <Filter>models</Filter>
    </ClInclude>
    <ClInclude Include="alphamapshaderclass.h">
      <Filter>Header Files</Filter>
    </ClInclude>
    <ClInclude Include="textures\bumpmapshaderclass.h">
      <Filter>textures</Filter>
    </ClInclude>
    <ClInclude Include="models\modelbumpclass.h">
      <Filter>models</Filter>
    </ClInclude>
    <ClInclude Include="models\loader\AbstractLoader.h">
      <Filter>models\loader</Filter>
    </ClInclude>
    <ClInclude Include="models\loader\DsLoader.h">
      <Filter>models\loader</Filter>
    </ClInclude>
    <ClInclude Include="models\AbstractModel.h">
      <Filter>models</Filter>
    </ClInclude>
    <ClInclude Include="models\loader\ObjLoader.h">
      <Filter>models\loader</Filter>
    </ClInclude>
    <ClInclude Include="textures\specmapshaderclass.h">
      <Filter>textures</Filter>
    </ClInclude>
    <ClInclude Include="models\ModelManager.h">
      <Filter>models</Filter>
    </ClInclude>
    <ClInclude Include="render\rendertextureclass.h">
      <Filter>render</Filter>
    </ClInclude>
    <ClInclude Include="render\2d\debugwindowclass.h">
      <Filter>render\2d</Filter>
    </ClInclude>
    <ClInclude Include="fogshaderclass.h">
      <Filter>Header Files</Filter>
    </ClInclude>
    <ClInclude Include="ui\AbstractGUI.h">
      <Filter>ui</Filter>
    </ClInclude>
    <ClInclude Include="ui\checkbox.h">
      <Filter>ui</Filter>
    </ClInclude>
    <ClInclude Include="clipplaneshaderclass.h">
      <Filter>Header Files</Filter>
    </ClInclude>
    <ClInclude Include="ui\UIManager.h">
      <Filter>ui</Filter>
    </ClInclude>
    <ClInclude Include="textures\translateshaderclass.h">
      <Filter>textures</Filter>
    </ClInclude>
    <ClInclude Include="textures\transparentshaderclass.h">
      <Filter>textures</Filter>
    </ClInclude>
    <ClInclude Include="textures\reflectionshaderclass.h">
      <Filter>textures</Filter>
    </ClInclude>
    <ClInclude Include="textures\fadeshaderclass.h">
      <Filter>textures</Filter>
    </ClInclude>
    <ClInclude Include="textures\watershaderclass.h">
      <Filter>textures</Filter>
    </ClInclude>
    <ClInclude Include="textures\refractionshaderclass.h">
      <Filter>textures</Filter>
    </ClInclude>
    <ClInclude Include="shaders\AbstractShader.h">
      <Filter>shaders</Filter>
    </ClInclude>
    <ClInclude Include="models\Reflection.h">
      <Filter>models</Filter>
    </ClInclude>
    <ClInclude Include="models\WaterNode.h">
      <Filter>models</Filter>
    </ClInclude>
    <ClInclude Include="models\2d\DebugWindow.h">
      <Filter>models\2d</Filter>
    </ClInclude>
    <ClInclude Include="resources\AbstractResource.h">
      <Filter>resources</Filter>
    </ClInclude>
    <ClInclude Include="resources\ResourceManager.h">
      <Filter>resources</Filter>
    </ClInclude>
    <ClInclude Include="AbstractNode.h">
      <Filter>Header Files</Filter>
    </ClInclude>
    <ClInclude Include="models\Glass.h">
      <Filter>models</Filter>
    </ClInclude>
    <ClInclude Include="textures\glassshaderclass.h">
      <Filter>textures</Filter>
    </ClInclude>
    <ClInclude Include="models\AbstractTarget.h">
      <Filter>models</Filter>
    </ClInclude>
    <ClInclude Include="models\Fire.h">
      <Filter>models</Filter>
    </ClInclude>
    <ClInclude Include="textures\fireshaderclass.h">
      <Filter>textures</Filter>
    </ClInclude>
    <ClInclude Include="tool\random.h">
      <Filter>tool</Filter>
    </ClInclude>
    <ClInclude Include="models\Billboard.h">
      <Filter>models</Filter>
    </ClInclude>
    <ClInclude Include="models\Blur.h">
      <Filter>models</Filter>
    </ClInclude>
    <ClInclude Include="textures\particleshaderclass.h">
      <Filter>textures</Filter>
    </ClInclude>
    <ClInclude Include="models\particles\Waterfall.h">
      <Filter>models\particles</Filter>
    </ClInclude>
    <ClInclude Include="models\particles\Fountain.h">
      <Filter>models\particles</Filter>
    </ClInclude>
    <ClInclude Include="models\particles\AbstractParticle.h">
      <Filter>models\particles</Filter>
    </ClInclude>
    <ClInclude Include="models\particles\ParticleManager.h">
      <Filter>models\particles</Filter>
    </ClInclude>
    <ClInclude Include="textures\depthshaderclass.h">
      <Filter>textures</Filter>
    </ClInclude>
    <ClInclude Include="textures\shadowshaderclass.h">
      <Filter>textures</Filter>
    </ClInclude>
    <ClInclude Include="Options.h">
      <Filter>Header Files</Filter>
    </ClInclude>
    <ClInclude Include="textures\softshadowshaderclass.h">
      <Filter>textures</Filter>
    </ClInclude>
    <ClInclude Include="textures\projectionshaderclass.h">
      <Filter>textures</Filter>
    </ClInclude>
    <ClInclude Include="render\viewpointclass.h">
      <Filter>render</Filter>
    </ClInclude>
  </ItemGroup>
  <ItemGroup>
    <None Include="data\shaders\texture.vs">
      <Filter>Shader Files</Filter>
    </None>
    <None Include="data\shaders\texture.ps">
      <Filter>Shader Files</Filter>
    </None>
    <None Include="data\shaders\color.ps">
      <Filter>Shader Files</Filter>
    </None>
    <None Include="data\shaders\color.vs">
      <Filter>Shader Files</Filter>
    </None>
    <None Include="data\shaders\light.vs">
      <Filter>Shader Files</Filter>
    </None>
    <None Include="data\shaders\light.ps">
      <Filter>Shader Files</Filter>
    </None>
    <None Include="data\shaders\font.ps">
      <Filter>Shader Files</Filter>
    </None>
    <None Include="data\shaders\font.vs">
      <Filter>Shader Files</Filter>
    </None>
    <None Include="data\shaders\multitexture.vs">
      <Filter>Shader Files</Filter>
    </None>
    <None Include="data\shaders\multitexture.ps">
      <Filter>Shader Files</Filter>
    </None>
    <None Include="data\shaders\lightmap.vs">
      <Filter>Shader Files</Filter>
    </None>
    <None Include="data\shaders\lightmap.ps">
      <Filter>Shader Files</Filter>
    </None>
    <None Include="data\shaders\alphamap.vs">
      <Filter>Shader Files</Filter>
    </None>
    <None Include="data\shaders\alphamap.ps">
      <Filter>Shader Files</Filter>
    </None>
    <None Include="data\shaders\bumpmap.vs">
      <Filter>Shader Files</Filter>
    </None>
    <None Include="data\shaders\bumpmap.ps">
      <Filter>Shader Files</Filter>
    </None>
    <None Include="data\shaders\specmap.vs">
      <Filter>Shader Files</Filter>
    </None>
    <None Include="data\shaders\specmap.ps">
      <Filter>Shader Files</Filter>
    </None>
    <None Include="data\shaders\fog.vs">
      <Filter>Shader Files</Filter>
    </None>
    <None Include="data\shaders\fog.ps">
      <Filter>Shader Files</Filter>
    </None>
    <None Include="data\shaders\clipplane.vs">
      <Filter>Shader Files</Filter>
    </None>
    <None Include="data\shaders\clipplane.ps">
      <Filter>Shader Files</Filter>
    </None>
    <None Include="data\shaders\translate.vs">
      <Filter>Shader Files</Filter>
    </None>
    <None Include="data\shaders\translate.ps">
      <Filter>Shader Files</Filter>
    </None>
    <None Include="data\shaders\transparent.vs">
      <Filter>Shader Files</Filter>
    </None>
    <None Include="data\shaders\transparent.ps">
      <Filter>Shader Files</Filter>
    </None>
    <None Include="data\shaders\reflection.vs">
      <Filter>Shader Files</Filter>
    </None>
    <None Include="data\shaders\reflection.ps">
      <Filter>Shader Files</Filter>
    </None>
    <None Include="data\shaders\fade.vs">
      <Filter>Shader Files</Filter>
    </None>
    <None Include="data\shaders\fade.ps">
      <Filter>Shader Files</Filter>
    </None>
    <None Include="data\shaders\water.vs">
      <Filter>Shader Files</Filter>
    </None>
    <None Include="data\shaders\water.ps">
      <Filter>Shader Files</Filter>
    </None>
    <None Include="data\shaders\refraction.vs">
      <Filter>Shader Files</Filter>
    </None>
    <None Include="data\shaders\refraction.ps">
      <Filter>Shader Files</Filter>
    </None>
    <None Include="data\shaders\glass.ps">
      <Filter>Shader Files</Filter>
    </None>
    <None Include="data\shaders\glass.vs">
      <Filter>Shader Files</Filter>
    </None>
    <None Include="data\shaders\fire.ps">
      <Filter>Shader Files</Filter>
    </None>
    <None Include="data\shaders\fire.vs">
      <Filter>Shader Files</Filter>
    </None>
    <None Include="data\shaders\blur.ps">
      <Filter>Shader Files</Filter>
    </None>
    <None Include="data\shaders\blur.vs">
      <Filter>Shader Files</Filter>
    </None>
    <None Include="data\shaders\particle.ps">
      <Filter>Shader Files</Filter>
    </None>
    <None Include="data\shaders\particle.vs">
      <Filter>Shader Files</Filter>
    </None>
    <None Include="data\shaders\depth.ps">
      <Filter>Shader Files</Filter>
    </None>
    <None Include="data\shaders\depth.vs">
      <Filter>Shader Files</Filter>
    </None>
    <None Include="data\shaders\shadow.ps">
      <Filter>Shader Files</Filter>
    </None>
    <None Include="data\shaders\shadow.vs">
      <Filter>Shader Files</Filter>
    </None>
    <None Include="data\shaders\softshadow.ps">
      <Filter>Shader Files</Filter>
    </None>
    <None Include="data\shaders\softshadow.vs">
      <Filter>Shader Files</Filter>
    </None>
    <None Include="data\shaders\projection.ps">
      <Filter>Shader Files</Filter>
    </None>
    <None Include="data\shaders\projection.vs">
      <Filter>Shader Files</Filter>
    </None>
  </ItemGroup>
</Project>